
Microsoft Visual Studio Solution File, Format Version 12.00
# Visual Studio Version 16
VisualStudioVersion = 16.0.29709.97
MinimumVisualStudioVersion = 10.0.40219.1
Project("{FAE04EC0-301F-11D3-BF4B-00C04F79EFBC}") = "MyShop.Core", "MyShop.Core\MyShop.Core.csproj", "{22BB55F7-156A-4C63-B69F-05E6C4BC81E3}"
EndProject
Project("{FAE04EC0-301F-11D3-BF4B-00C04F79EFBC}") = "MyShop.DataAccess.SQL", "MyShop.DataAccess.SQL\MyShop.DataAccess.SQL.csproj", "{16E939D3-D563-4AA6-9DDD-E245E0C5781E}"
EndProject
Project("{FAE04EC0-301F-11D3-BF4B-00C04F79EFBC}") = "MyShop.DataAccess.InMemory", "MyShop.DataAccess.InMemory\MyShop.DataAccess.InMemory.csproj", "{BF011EA1-7C4C-49D1-BC73-B73BE8A52270}"
EndProject
Project("{FAE04EC0-301F-11D3-BF4B-00C04F79EFBC}") = "MyShop.WebUI", "MyShop.WebUI\MyShop.WebUI.csproj", "{6DB53553-67AE-4471-B31C-615F1DABD036}"
EndProject
Project("{FAE04EC0-301F-11D3-BF4B-00C04F79EFBC}") = "MyShop.WebUI.Tests", "MyShop.WebUI.Tests\MyShop.WebUI.Tests.csproj", "{A23D2491-3C93-4126-9B25-F091DE2B980F}"
EndProject
Global
	GlobalSection(SolutionConfigurationPlatforms) = preSolution
		Debug|Any CPU = Debug|Any CPU
		Release|Any CPU = Release|Any CPU
	EndGlobalSection
	GlobalSection(ProjectConfigurationPlatforms) = postSolution
		{22BB55F7-156A-4C63-B69F-05E6C4BC81E3}.Debug|Any CPU.ActiveCfg = Debug|Any CPU
		{22BB55F7-156A-4C63-B69F-05E6C4BC81E3}.Debug|Any CPU.Build.0 = Debug|Any CPU
		{22BB55F7-156A-4C63-B69F-05E6C4BC81E3}.Release|Any CPU.ActiveCfg = Release|Any CPU
		{22BB55F7-156A-4C63-B69F-05E6C4BC81E3}.Release|Any CPU.Build.0 = Release|Any CPU
		{16E939D3-D563-4AA6-9DDD-E245E0C5781E}.Debug|Any CPU.ActiveCfg = Debug|Any CPU
		{16E939D3-D563-4AA6-9DDD-E245E0C5781E}.Debug|Any CPU.Build.0 = Debug|Any CPU
		{16E939D3-D563-4AA6-9DDD-E245E0C5781E}.Release|Any CPU.ActiveCfg = Release|Any CPU
		{16E939D3-D563-4AA6-9DDD-E245E0C5781E}.Release|Any CPU.Build.0 = Release|Any CPU
		{BF011EA1-7C4C-49D1-BC73-B73BE8A52270}.Debug|Any CPU.ActiveCfg = Debug|Any CPU
		{BF011EA1-7C4C-49D1-BC73-B73BE8A52270}.Debug|Any CPU.Build.0 = Debug|Any CPU
		{BF011EA1-7C4C-49D1-BC73-B73BE8A52270}.Release|Any CPU.ActiveCfg = Release|Any CPU
		{BF011EA1-7C4C-49D1-BC73-B73BE8A52270}.Release|Any CPU.Build.0 = Release|Any CPU
		{6DB53553-67AE-4471-B31C-615F1DABD036}.Debug|Any CPU.ActiveCfg = Debug|Any CPU
		{6DB53553-67AE-4471-B31C-615F1DABD036}.Debug|Any CPU.Build.0 = Debug|Any CPU
		{6DB53553-67AE-4471-B31C-615F1DABD036}.Release|Any CPU.ActiveCfg = Release|Any CPU
		{6DB53553-67AE-4471-B31C-615F1DABD036}.Release|Any CPU.Build.0 = Release|Any CPU
		{A23D2491-3C93-4126-9B25-F091DE2B980F}.Debug|Any CPU.ActiveCfg = Debug|Any CPU
		{A23D2491-3C93-4126-9B25-F091DE2B980F}.Debug|Any CPU.Build.0 = Debug|Any CPU
		{A23D2491-3C93-4126-9B25-F091DE2B980F}.Release|Any CPU.ActiveCfg = Release|Any CPU
		{A23D2491-3C93-4126-9B25-F091DE2B980F}.Release|Any CPU.Build.0 = Release|Any CPU
	EndGlobalSection
	GlobalSection(SolutionProperties) = preSolution
		HideSolutionNode = FALSE
	EndGlobalSection
	GlobalSection(ExtensibilityGlobals) = postSolution
		SolutionGuid = {4285BE8D-FE62-4DF0-BBCC-5F269893619D}
	EndGlobalSection
EndGlobal
